
Microsoft Visual Studio Solution File, Format Version 12.00
# Visual Studio Version 17
VisualStudioVersion = 17.6.33723.286
MinimumVisualStudioVersion = 10.0.40219.1
Project("{FAE04EC0-301F-11D3-BF4B-00C04F79EFBC}") = "BizzExpense", "BizzExpense\BizzExpense.csproj", "{DCBD69F7-4FC6-482E-AA0F-6FEDA93D1825}"
EndProject
Global
	GlobalSection(SolutionConfigurationPlatforms) = preSolution
		Debug|Any CPU = Debug|Any CPU
		Release|Any CPU = Release|Any CPU
	EndGlobalSection
	GlobalSection(ProjectConfigurationPlatforms) = postSolution
		{DCBD69F7-4FC6-482E-AA0F-6FEDA93D1825}.Debug|Any CPU.ActiveCfg = Debug|Any CPU
		{DCBD69F7-4FC6-482E-AA0F-6FEDA93D1825}.Debug|Any CPU.Build.0 = Debug|Any CPU
		{DCBD69F7-4FC6-482E-AA0F-6FEDA93D1825}.Release|Any CPU.ActiveCfg = Release|Any CPU
		{DCBD69F7-4FC6-482E-AA0F-6FEDA93D1825}.Release|Any CPU.Build.0 = Release|Any CPU
	EndGlobalSection
	GlobalSection(SolutionProperties) = preSolution
		HideSolutionNode = FALSE
	EndGlobalSection
	GlobalSection(ExtensibilityGlobals) = postSolution
		SolutionGuid = {04ECEA90-6F83-44CF-92C1-B406C0B3D5DD}
	EndGlobalSection
EndGlobal
